
Microsoft Visual Studio Solution File, Format Version 12.00
# Visual Studio Version 17
VisualStudioVersion = 17.12.35527.113 d17.12
MinimumVisualStudioVersion = 10.0.40219.1
Project("{FAE04EC0-301F-11D3-BF4B-00C04F79EFBC}") = "ServerChatForm", "ServerChatForm\ServerChatForm.csproj", "{ADEB2E7A-497C-4EA1-ADB4-81CB829B5CD6}"
EndProject
Project("{FAE04EC0-301F-11D3-BF4B-00C04F79EFBC}") = "ClientChatForm", "ClientChatForm\ClientChatForm.csproj", "{67E82D4B-0C79-42DA-88CD-D72B71E4B478}"
EndProject
Global
	GlobalSection(SolutionConfigurationPlatforms) = preSolution
		Debug|Any CPU = Debug|Any CPU
		Release|Any CPU = Release|Any CPU
	EndGlobalSection
	GlobalSection(ProjectConfigurationPlatforms) = postSolution
		{ADEB2E7A-497C-4EA1-ADB4-81CB829B5CD6}.Debug|Any CPU.ActiveCfg = Debug|Any CPU
		{ADEB2E7A-497C-4EA1-ADB4-81CB829B5CD6}.Debug|Any CPU.Build.0 = Debug|Any CPU
		{ADEB2E7A-497C-4EA1-ADB4-81CB829B5CD6}.Release|Any CPU.ActiveCfg = Release|Any CPU
		{ADEB2E7A-497C-4EA1-ADB4-81CB829B5CD6}.Release|Any CPU.Build.0 = Release|Any CPU
		{67E82D4B-0C79-42DA-88CD-D72B71E4B478}.Debug|Any CPU.ActiveCfg = Debug|Any CPU
		{67E82D4B-0C79-42DA-88CD-D72B71E4B478}.Debug|Any CPU.Build.0 = Debug|Any CPU
		{67E82D4B-0C79-42DA-88CD-D72B71E4B478}.Release|Any CPU.ActiveCfg = Release|Any CPU
		{67E82D4B-0C79-42DA-88CD-D72B71E4B478}.Release|Any CPU.Build.0 = Release|Any CPU
	EndGlobalSection
	GlobalSection(SolutionProperties) = preSolution
		HideSolutionNode = FALSE
	EndGlobalSection
EndGlobal
